
Microsoft Visual Studio Solution File, Format Version 12.00
# Visual Studio Version 17
VisualStudioVersion = 17.1.32228.430
MinimumVisualStudioVersion = 10.0.40219.1
Project("{FAE04EC0-301F-11D3-BF4B-00C04F79EFBC}") = "WebAdvert.Web", "WebAdvert.Web\WebAdvert.Web.csproj", "{348196F4-C958-4BDC-9A77-D6425EAF917A}"
EndProject
Global
	GlobalSection(SolutionConfigurationPlatforms) = preSolution
		Debug|Any CPU = Debug|Any CPU
		Release|Any CPU = Release|Any CPU
	EndGlobalSection
	GlobalSection(ProjectConfigurationPlatforms) = postSolution
		{348196F4-C958-4BDC-9A77-D6425EAF917A}.Debug|Any CPU.ActiveCfg = Debug|Any CPU
		{348196F4-C958-4BDC-9A77-D6425EAF917A}.Debug|Any CPU.Build.0 = Debug|Any CPU
		{348196F4-C958-4BDC-9A77-D6425EAF917A}.Release|Any CPU.ActiveCfg = Release|Any CPU
		{348196F4-C958-4BDC-9A77-D6425EAF917A}.Release|Any CPU.Build.0 = Release|Any CPU
	EndGlobalSection
	GlobalSection(SolutionProperties) = preSolution
		HideSolutionNode = FALSE
	EndGlobalSection
	GlobalSection(ExtensibilityGlobals) = postSolution
		SolutionGuid = {B27074D8-60A2-45E7-945F-DA5F4CF30CD8}
	EndGlobalSection
EndGlobal
